
Microsoft Visual Studio Solution File, Format Version 12.00
# Visual Studio Version 17
VisualStudioVersion = 17.7.34031.279
MinimumVisualStudioVersion = 10.0.40219.1
Project("{9A19103F-16F7-4668-BE54-9A1E7A4F7556}") = "TheTodoWeb", "TheTodoWeb.csproj", "{1FE21387-102E-439E-86D7-F1EAAA29D6A9}"
EndProject
Project("{9A19103F-16F7-4668-BE54-9A1E7A4F7556}") = "TheTodoService", "..\TheTodoRazerAppService\TheTodoService.csproj", "{F8D5F1C2-106D-4226-A962-25FD7E648FD7}"
EndProject
Project("{9A19103F-16F7-4668-BE54-9A1E7A4F7556}") = "TheTodoRepository", "..\TheTodoRazerAppRepository\TheTodoRepository.csproj", "{F55EB363-0FD8-46F6-9945-E7301F5AEDFF}"
EndProject
Global
	GlobalSection(SolutionConfigurationPlatforms) = preSolution
		Debug|Any CPU = Debug|Any CPU
		Release|Any CPU = Release|Any CPU
	EndGlobalSection
	GlobalSection(ProjectConfigurationPlatforms) = postSolution
		{1FE21387-102E-439E-86D7-F1EAAA29D6A9}.Debug|Any CPU.ActiveCfg = Debug|Any CPU
		{1FE21387-102E-439E-86D7-F1EAAA29D6A9}.Debug|Any CPU.Build.0 = Debug|Any CPU
		{1FE21387-102E-439E-86D7-F1EAAA29D6A9}.Release|Any CPU.ActiveCfg = Release|Any CPU
		{1FE21387-102E-439E-86D7-F1EAAA29D6A9}.Release|Any CPU.Build.0 = Release|Any CPU
		{F8D5F1C2-106D-4226-A962-25FD7E648FD7}.Debug|Any CPU.ActiveCfg = Debug|Any CPU
		{F8D5F1C2-106D-4226-A962-25FD7E648FD7}.Debug|Any CPU.Build.0 = Debug|Any CPU
		{F8D5F1C2-106D-4226-A962-25FD7E648FD7}.Release|Any CPU.ActiveCfg = Release|Any CPU
		{F8D5F1C2-106D-4226-A962-25FD7E648FD7}.Release|Any CPU.Build.0 = Release|Any CPU
		{F55EB363-0FD8-46F6-9945-E7301F5AEDFF}.Debug|Any CPU.ActiveCfg = Debug|Any CPU
		{F55EB363-0FD8-46F6-9945-E7301F5AEDFF}.Debug|Any CPU.Build.0 = Debug|Any CPU
		{F55EB363-0FD8-46F6-9945-E7301F5AEDFF}.Release|Any CPU.ActiveCfg = Release|Any CPU
		{F55EB363-0FD8-46F6-9945-E7301F5AEDFF}.Release|Any CPU.Build.0 = Release|Any CPU
	EndGlobalSection
	GlobalSection(SolutionProperties) = preSolution
		HideSolutionNode = FALSE
	EndGlobalSection
	GlobalSection(ExtensibilityGlobals) = postSolution
		SolutionGuid = {5E5085CE-5439-4F3F-A8B9-61827B2CAED0}
	EndGlobalSection
EndGlobal
